// !$*UTF8*$!
{
	archiveVersion = 1;
	classes = {
	};
	objectVersion = 56;
	objects = {

/* Begin PBXBuildFile section */
		18BC996B29B48DD200AFA80A /* HafeflyApp.swift in Sources */ = {isa = PBXBuildFile; fileRef = 18BC996A29B48DD200AFA80A /* HafeflyApp.swift */; };
		18BC996F29B48DD400AFA80A /* Assets.xcassets in Resources */ = {isa = PBXBuildFile; fileRef = 18BC996E29B48DD400AFA80A /* Assets.xcassets */; };
		18BC997329B48DD400AFA80A /* Preview Assets.xcassets in Resources */ = {isa = PBXBuildFile; fileRef = 18BC997229B48DD400AFA80A /* Preview Assets.xcassets */; };
		18BC997A29B491C200AFA80A /* OnboardingView.swift in Sources */ = {isa = PBXBuildFile; fileRef = 18BC997929B491C200AFA80A /* OnboardingView.swift */; };
		18BC997C29B4982600AFA80A /* Color.swift in Sources */ = {isa = PBXBuildFile; fileRef = 18BC997B29B4982600AFA80A /* Color.swift */; };
		18BC998029B49A3E00AFA80A /* Text.swift in Sources */ = {isa = PBXBuildFile; fileRef = 18BC997F29B49A3E00AFA80A /* Text.swift */; };
		18BC998229B49A6600AFA80A /* Font.swift in Sources */ = {isa = PBXBuildFile; fileRef = 18BC998129B49A6600AFA80A /* Font.swift */; };
		18BC998429B4A38F00AFA80A /* String.swift in Sources */ = {isa = PBXBuildFile; fileRef = 18BC998329B4A38F00AFA80A /* String.swift */; };
		18BC99A629B5E0C700AFA80A /* HafeflyButton.swift in Sources */ = {isa = PBXBuildFile; fileRef = 18BC99A529B5E0C700AFA80A /* HafeflyButton.swift */; };
		18BC99AC29B5E12A00AFA80A /* AppDelegate.swift in Sources */ = {isa = PBXBuildFile; fileRef = 18BC99AB29B5E12A00AFA80A /* AppDelegate.swift */; };
		18BC99AE29B5E13400AFA80A /* EventHandler.swift in Sources */ = {isa = PBXBuildFile; fileRef = 18BC99AD29B5E13400AFA80A /* EventHandler.swift */; };
		18BC99C729B642B800AFA80A /* NavigationCoordinator.swift in Sources */ = {isa = PBXBuildFile; fileRef = 18BC99C629B642B800AFA80A /* NavigationCoordinator.swift */; };
		18BC99CB29B6437B00AFA80A /* CoordinatorStack.swift in Sources */ = {isa = PBXBuildFile; fileRef = 18BC99CA29B6437B00AFA80A /* CoordinatorStack.swift */; };
		18BC99CD29B6440A00AFA80A /* CoordinatorView.swift in Sources */ = {isa = PBXBuildFile; fileRef = 18BC99CC29B6440A00AFA80A /* CoordinatorView.swift */; };
		18BC99D129B6445C00AFA80A /* HomeView.swift in Sources */ = {isa = PBXBuildFile; fileRef = 18BC99D029B6445C00AFA80A /* HomeView.swift */; };
		18BC99D429B6446F00AFA80A /* HomeViewModel.swift in Sources */ = {isa = PBXBuildFile; fileRef = 18BC99D329B6446F00AFA80A /* HomeViewModel.swift */; };
		18BC99D629B644DC00AFA80A /* SplashView.swift in Sources */ = {isa = PBXBuildFile; fileRef = 18BC99D529B644DC00AFA80A /* SplashView.swift */; };
		18BC99D929B644F000AFA80A /* SplashViewModel.swift in Sources */ = {isa = PBXBuildFile; fileRef = 18BC99D829B644F000AFA80A /* SplashViewModel.swift */; };
		18BC99DB29B6456500AFA80A /* LoginView.swift in Sources */ = {isa = PBXBuildFile; fileRef = 18BC99DA29B6456500AFA80A /* LoginView.swift */; };
		18BC99DE29B6458000AFA80A /* LoginViewModel.swift in Sources */ = {isa = PBXBuildFile; fileRef = 18BC99DD29B6458000AFA80A /* LoginViewModel.swift */; };
		18BC99E129B6459400AFA80A /* SignUpView.swift in Sources */ = {isa = PBXBuildFile; fileRef = 18BC99E029B6459400AFA80A /* SignUpView.swift */; };
		18BC99E429B645A900AFA80A /* SignUpViewModel.swift in Sources */ = {isa = PBXBuildFile; fileRef = 18BC99E329B645A900AFA80A /* SignUpViewModel.swift */; };
		18BC99E629B6464900AFA80A /* Observe.swift in Sources */ = {isa = PBXBuildFile; fileRef = 18BC99E529B6464900AFA80A /* Observe.swift */; };
/* End PBXBuildFile section */

/* Begin PBXFileReference section */
		18BC996729B48DD200AFA80A /* Hafefly.app */ = {isa = PBXFileReference; explicitFileType = wrapper.application; includeInIndex = 0; path = Hafefly.app; sourceTree = BUILT_PRODUCTS_DIR; };
		18BC996A29B48DD200AFA80A /* HafeflyApp.swift */ = {isa = PBXFileReference; lastKnownFileType = sourcecode.swift; path = HafeflyApp.swift; sourceTree = "<group>"; };
		18BC996E29B48DD400AFA80A /* Assets.xcassets */ = {isa = PBXFileReference; lastKnownFileType = folder.assetcatalog; path = Assets.xcassets; sourceTree = "<group>"; };
		18BC997029B48DD400AFA80A /* Hafefly.entitlements */ = {isa = PBXFileReference; lastKnownFileType = text.plist.entitlements; path = Hafefly.entitlements; sourceTree = "<group>"; };
		18BC997229B48DD400AFA80A /* Preview Assets.xcassets */ = {isa = PBXFileReference; lastKnownFileType = folder.assetcatalog; path = "Preview Assets.xcassets"; sourceTree = "<group>"; };
		18BC997929B491C200AFA80A /* OnboardingView.swift */ = {isa = PBXFileReference; lastKnownFileType = sourcecode.swift; path = OnboardingView.swift; sourceTree = "<group>"; };
		18BC997B29B4982600AFA80A /* Color.swift */ = {isa = PBXFileReference; lastKnownFileType = sourcecode.swift; path = Color.swift; sourceTree = "<group>"; };
		18BC997F29B49A3E00AFA80A /* Text.swift */ = {isa = PBXFileReference; lastKnownFileType = sourcecode.swift; path = Text.swift; sourceTree = "<group>"; };
		18BC998129B49A6600AFA80A /* Font.swift */ = {isa = PBXFileReference; lastKnownFileType = sourcecode.swift; path = Font.swift; sourceTree = "<group>"; };
		18BC998329B4A38F00AFA80A /* String.swift */ = {isa = PBXFileReference; lastKnownFileType = sourcecode.swift; path = String.swift; sourceTree = "<group>"; };
		18BC99A429B5D81200AFA80A /* Info.plist */ = {isa = PBXFileReference; lastKnownFileType = text.plist; path = Info.plist; sourceTree = "<group>"; };
		18BC99A529B5E0C700AFA80A /* HafeflyButton.swift */ = {isa = PBXFileReference; lastKnownFileType = sourcecode.swift; path = HafeflyButton.swift; sourceTree = "<group>"; };
		18BC99AB29B5E12A00AFA80A /* AppDelegate.swift */ = {isa = PBXFileReference; lastKnownFileType = sourcecode.swift; path = AppDelegate.swift; sourceTree = "<group>"; };
		18BC99AD29B5E13400AFA80A /* EventHandler.swift */ = {isa = PBXFileReference; lastKnownFileType = sourcecode.swift; path = EventHandler.swift; sourceTree = "<group>"; };
		18BC99C029B63CCA00AFA80A /* Rubik-Regular.ttf */ = {isa = PBXFileReference; lastKnownFileType = file; path = "Rubik-Regular.ttf"; sourceTree = "<group>"; };
		18BC99C129B63CCA00AFA80A /* Rubik-SemiBold.ttf */ = {isa = PBXFileReference; lastKnownFileType = file; path = "Rubik-SemiBold.ttf"; sourceTree = "<group>"; };
		18BC99C229B63CCB00AFA80A /* Rubik-Medium.ttf */ = {isa = PBXFileReference; lastKnownFileType = file; path = "Rubik-Medium.ttf"; sourceTree = "<group>"; };
		18BC99C329B63CD300AFA80A /* Rubik-Bold.ttf */ = {isa = PBXFileReference; lastKnownFileType = file; path = "Rubik-Bold.ttf"; sourceTree = "<group>"; };
		18BC99C629B642B800AFA80A /* NavigationCoordinator.swift */ = {isa = PBXFileReference; lastKnownFileType = sourcecode.swift; path = NavigationCoordinator.swift; sourceTree = "<group>"; };
		18BC99CA29B6437B00AFA80A /* CoordinatorStack.swift */ = {isa = PBXFileReference; lastKnownFileType = sourcecode.swift; path = CoordinatorStack.swift; sourceTree = "<group>"; };
		18BC99CC29B6440A00AFA80A /* CoordinatorView.swift */ = {isa = PBXFileReference; lastKnownFileType = sourcecode.swift; path = CoordinatorView.swift; sourceTree = "<group>"; };
		18BC99D029B6445C00AFA80A /* HomeView.swift */ = {isa = PBXFileReference; lastKnownFileType = sourcecode.swift; path = HomeView.swift; sourceTree = "<group>"; };
		18BC99D329B6446F00AFA80A /* HomeViewModel.swift */ = {isa = PBXFileReference; lastKnownFileType = sourcecode.swift; path = HomeViewModel.swift; sourceTree = "<group>"; };
		18BC99D529B644DC00AFA80A /* SplashView.swift */ = {isa = PBXFileReference; lastKnownFileType = sourcecode.swift; path = SplashView.swift; sourceTree = "<group>"; };
		18BC99D829B644F000AFA80A /* SplashViewModel.swift */ = {isa = PBXFileReference; lastKnownFileType = sourcecode.swift; path = SplashViewModel.swift; sourceTree = "<group>"; };
		18BC99DA29B6456500AFA80A /* LoginView.swift */ = {isa = PBXFileReference; lastKnownFileType = sourcecode.swift; path = LoginView.swift; sourceTree = "<group>"; };
		18BC99DD29B6458000AFA80A /* LoginViewModel.swift */ = {isa = PBXFileReference; lastKnownFileType = sourcecode.swift; path = LoginViewModel.swift; sourceTree = "<group>"; };
		18BC99E029B6459400AFA80A /* SignUpView.swift */ = {isa = PBXFileReference; lastKnownFileType = sourcecode.swift; path = SignUpView.swift; sourceTree = "<group>"; };
		18BC99E329B645A900AFA80A /* SignUpViewModel.swift */ = {isa = PBXFileReference; lastKnownFileType = sourcecode.swift; path = SignUpViewModel.swift; sourceTree = "<group>"; };
		18BC99E529B6464900AFA80A /* Observe.swift */ = {isa = PBXFileReference; lastKnownFileType = sourcecode.swift; path = Observe.swift; sourceTree = "<group>"; };
/* End PBXFileReference section */

/* Begin PBXFrameworksBuildPhase section */
		18BC996429B48DD200AFA80A /* Frameworks */ = {
			isa = PBXFrameworksBuildPhase;
			buildActionMask = 2147483647;
			files = (
			);
			runOnlyForDeploymentPostprocessing = 0;
		};
/* End PBXFrameworksBuildPhase section */

/* Begin PBXGroup section */
		18BC995E29B48DD200AFA80A = {
			isa = PBXGroup;
			children = (
				18BC996929B48DD200AFA80A /* Hafefly */,
				18BC996829B48DD200AFA80A /* Products */,
			);
			sourceTree = "<group>";
		};
		18BC996829B48DD200AFA80A /* Products */ = {
			isa = PBXGroup;
			children = (
				18BC996729B48DD200AFA80A /* Hafefly.app */,
			);
			name = Products;
			sourceTree = "<group>";
		};
		18BC996929B48DD200AFA80A /* Hafefly */ = {
			isa = PBXGroup;
			children = (
				18BC99A429B5D81200AFA80A /* Info.plist */,
				18BC99A329B5D7D400AFA80A /* Ressources */,
				18BC997D29B4982C00AFA80A /* Extensions */,
				18BC99A729B5E0CC00AFA80A /* Components */,
				18BC99A829B5E0E500AFA80A /* Views */,
				18BC99AA29B5E11F00AFA80A /* main */,
				18BC99C829B642C200AFA80A /* Services */,
				18BC996E29B48DD400AFA80A /* Assets.xcassets */,
				18BC997029B48DD400AFA80A /* Hafefly.entitlements */,
				18BC997129B48DD400AFA80A /* Preview Content */,
			);
			path = Hafefly;
			sourceTree = "<group>";
		};
		18BC997129B48DD400AFA80A /* Preview Content */ = {
			isa = PBXGroup;
			children = (
				18BC997229B48DD400AFA80A /* Preview Assets.xcassets */,
			);
			path = "Preview Content";
			sourceTree = "<group>";
		};
		18BC997D29B4982C00AFA80A /* Extensions */ = {
			isa = PBXGroup;
			children = (
				18BC99E729B6468900AFA80A /* Combine */,
				18BC997E29B4984B00AFA80A /* SwiftUi */,
				18BC998529B4A39400AFA80A /* Foundation */,
			);
			path = Extensions;
			sourceTree = "<group>";
		};
		18BC997E29B4984B00AFA80A /* SwiftUi */ = {
			isa = PBXGroup;
			children = (
				18BC997B29B4982600AFA80A /* Color.swift */,
				18BC997F29B49A3E00AFA80A /* Text.swift */,
				18BC998129B49A6600AFA80A /* Font.swift */,
			);
			path = SwiftUi;
			sourceTree = "<group>";
		};
		18BC998529B4A39400AFA80A /* Foundation */ = {
			isa = PBXGroup;
			children = (
				18BC998329B4A38F00AFA80A /* String.swift */,
			);
			path = Foundation;
			sourceTree = "<group>";
		};
		18BC99A329B5D7D400AFA80A /* Ressources */ = {
			isa = PBXGroup;
			children = (
				18BC99C529B63CE500AFA80A /* Fonts */,
			);
			path = Ressources;
			sourceTree = "<group>";
		};
		18BC99A729B5E0CC00AFA80A /* Components */ = {
			isa = PBXGroup;
			children = (
				18BC99A529B5E0C700AFA80A /* HafeflyButton.swift */,
			);
			path = Components;
			sourceTree = "<group>";
		};
		18BC99A829B5E0E500AFA80A /* Views */ = {
			isa = PBXGroup;
			children = (
				18BC99A929B5E10900AFA80A /* Onboarding */,
				18BC99D729B644E300AFA80A /* Splash */,
				18BC99D229B6446000AFA80A /* Home */,
				18BC99DF29B6458500AFA80A /* Sign */,
			);
			path = Views;
			sourceTree = "<group>";
		};
		18BC99A929B5E10900AFA80A /* Onboarding */ = {
			isa = PBXGroup;
			children = (
				18BC997929B491C200AFA80A /* OnboardingView.swift */,
			);
			path = Onboarding;
			sourceTree = "<group>";
		};
		18BC99AA29B5E11F00AFA80A /* main */ = {
			isa = PBXGroup;
			children = (
				18BC996A29B48DD200AFA80A /* HafeflyApp.swift */,
				18BC99AB29B5E12A00AFA80A /* AppDelegate.swift */,
				18BC99AD29B5E13400AFA80A /* EventHandler.swift */,
			);
			path = main;
			sourceTree = "<group>";
		};
		18BC99C429B63CDD00AFA80A /* Rubik */ = {
			isa = PBXGroup;
			children = (
				18BC99C229B63CCB00AFA80A /* Rubik-Medium.ttf */,
				18BC99C329B63CD300AFA80A /* Rubik-Bold.ttf */,
				18BC99C029B63CCA00AFA80A /* Rubik-Regular.ttf */,
				18BC99C129B63CCA00AFA80A /* Rubik-SemiBold.ttf */,
			);
			path = Rubik;
			sourceTree = "<group>";
		};
		18BC99C529B63CE500AFA80A /* Fonts */ = {
			isa = PBXGroup;
			children = (
				18BC99C429B63CDD00AFA80A /* Rubik */,
			);
			path = Fonts;
			sourceTree = "<group>";
		};
		18BC99C829B642C200AFA80A /* Services */ = {
			isa = PBXGroup;
			children = (
				18BC99C929B642CD00AFA80A /* Navigation */,
			);
			path = Services;
			sourceTree = "<group>";
		};
		18BC99C929B642CD00AFA80A /* Navigation */ = {
			isa = PBXGroup;
			children = (
				18BC99C629B642B800AFA80A /* NavigationCoordinator.swift */,
				18BC99CA29B6437B00AFA80A /* CoordinatorStack.swift */,
				18BC99CC29B6440A00AFA80A /* CoordinatorView.swift */,
			);
			path = Navigation;
			sourceTree = "<group>";
		};
		18BC99D229B6446000AFA80A /* Home */ = {
			isa = PBXGroup;
			children = (
				18BC99D029B6445C00AFA80A /* HomeView.swift */,
				18BC99D329B6446F00AFA80A /* HomeViewModel.swift */,
			);
			path = Home;
			sourceTree = "<group>";
		};
		18BC99D729B644E300AFA80A /* Splash */ = {
			isa = PBXGroup;
			children = (
				18BC99D529B644DC00AFA80A /* SplashView.swift */,
				18BC99D829B644F000AFA80A /* SplashViewModel.swift */,
			);
			path = Splash;
			sourceTree = "<group>";
		};
		18BC99DC29B6456800AFA80A /* Login */ = {
			isa = PBXGroup;
			children = (
				18BC99DA29B6456500AFA80A /* LoginView.swift */,
				18BC99DD29B6458000AFA80A /* LoginViewModel.swift */,
			);
			path = Login;
			sourceTree = "<group>";
		};
		18BC99DF29B6458500AFA80A /* Sign */ = {
			isa = PBXGroup;
			children = (
				18BC99DC29B6456800AFA80A /* Login */,
				18BC99E229B6459800AFA80A /* SignUp */,
			);
			path = Sign;
			sourceTree = "<group>";
		};
		18BC99E229B6459800AFA80A /* SignUp */ = {
			isa = PBXGroup;
			children = (
				18BC99E029B6459400AFA80A /* SignUpView.swift */,
				18BC99E329B645A900AFA80A /* SignUpViewModel.swift */,
			);
			path = SignUp;
			sourceTree = "<group>";
		};
		18BC99E729B6468900AFA80A /* Combine */ = {
			isa = PBXGroup;
			children = (
				18BC99E529B6464900AFA80A /* Observe.swift */,
			);
			path = Combine;
			sourceTree = "<group>";
		};
/* End PBXGroup section */

/* Begin PBXNativeTarget section */
		18BC996629B48DD200AFA80A /* Hafefly */ = {
			isa = PBXNativeTarget;
			buildConfigurationList = 18BC997629B48DD400AFA80A /* Build configuration list for PBXNativeTarget "Hafefly" */;
			buildPhases = (
				18BC996329B48DD200AFA80A /* Sources */,
				18BC996429B48DD200AFA80A /* Frameworks */,
				18BC996529B48DD200AFA80A /* Resources */,
			);
			buildRules = (
			);
			dependencies = (
			);
			name = Hafefly;
			productName = Hafefly;
			productReference = 18BC996729B48DD200AFA80A /* Hafefly.app */;
			productType = "com.apple.product-type.application";
		};
/* End PBXNativeTarget section */

/* Begin PBXProject section */
		18BC995F29B48DD200AFA80A /* Project object */ = {
			isa = PBXProject;
			attributes = {
				BuildIndependentTargetsInParallel = 1;
				LastSwiftUpdateCheck = 1410;
				LastUpgradeCheck = 1410;
				TargetAttributes = {
					18BC996629B48DD200AFA80A = {
						CreatedOnToolsVersion = 14.1;
					};
				};
			};
			buildConfigurationList = 18BC996229B48DD200AFA80A /* Build configuration list for PBXProject "Hafefly" */;
			compatibilityVersion = "Xcode 14.0";
			developmentRegion = en;
			hasScannedForEncodings = 0;
			knownRegions = (
				en,
				Base,
			);
			mainGroup = 18BC995E29B48DD200AFA80A;
			productRefGroup = 18BC996829B48DD200AFA80A /* Products */;
			projectDirPath = "";
			projectRoot = "";
			targets = (
				18BC996629B48DD200AFA80A /* Hafefly */,
			);
		};
/* End PBXProject section */

/* Begin PBXResourcesBuildPhase section */
		18BC996529B48DD200AFA80A /* Resources */ = {
			isa = PBXResourcesBuildPhase;
			buildActionMask = 2147483647;
			files = (
				18BC997329B48DD400AFA80A /* Preview Assets.xcassets in Resources */,
				18BC996F29B48DD400AFA80A /* Assets.xcassets in Resources */,
			);
			runOnlyForDeploymentPostprocessing = 0;
		};
/* End PBXResourcesBuildPhase section */

/* Begin PBXSourcesBuildPhase section */
		18BC996329B48DD200AFA80A /* Sources */ = {
			isa = PBXSourcesBuildPhase;
			buildActionMask = 2147483647;
			files = (
				18BC99D629B644DC00AFA80A /* SplashView.swift in Sources */,
				18BC99A629B5E0C700AFA80A /* HafeflyButton.swift in Sources */,
				18BC99E429B645A900AFA80A /* SignUpViewModel.swift in Sources */,
				18BC99D129B6445C00AFA80A /* HomeView.swift in Sources */,
				18BC998029B49A3E00AFA80A /* Text.swift in Sources */,
				18BC99AC29B5E12A00AFA80A /* AppDelegate.swift in Sources */,
				18BC99E129B6459400AFA80A /* SignUpView.swift in Sources */,
				18BC99D429B6446F00AFA80A /* HomeViewModel.swift in Sources */,
				18BC99C729B642B800AFA80A /* NavigationCoordinator.swift in Sources */,
				18BC998229B49A6600AFA80A /* Font.swift in Sources */,
				18BC99DE29B6458000AFA80A /* LoginViewModel.swift in Sources */,
				18BC997C29B4982600AFA80A /* Color.swift in Sources */,
				18BC998429B4A38F00AFA80A /* String.swift in Sources */,
				18BC99DB29B6456500AFA80A /* LoginView.swift in Sources */,
				18BC99D929B644F000AFA80A /* SplashViewModel.swift in Sources */,
				18BC997A29B491C200AFA80A /* OnboardingView.swift in Sources */,
				18BC99CD29B6440A00AFA80A /* CoordinatorView.swift in Sources */,
				18BC996B29B48DD200AFA80A /* HafeflyApp.swift in Sources */,
				18BC99CB29B6437B00AFA80A /* CoordinatorStack.swift in Sources */,
				18BC99E629B6464900AFA80A /* Observe.swift in Sources */,
				18BC99AE29B5E13400AFA80A /* EventHandler.swift in Sources */,
			);
			runOnlyForDeploymentPostprocessing = 0;
		};
/* End PBXSourcesBuildPhase section */

/* Begin XCBuildConfiguration section */
		18BC997429B48DD400AFA80A /* Debug */ = {
			isa = XCBuildConfiguration;
			buildSettings = {
				ALWAYS_SEARCH_USER_PATHS = NO;
				CLANG_ANALYZER_NONNULL = YES;
				CLANG_ANALYZER_NUMBER_OBJECT_CONVERSION = YES_AGGRESSIVE;
				CLANG_CXX_LANGUAGE_STANDARD = "gnu++20";
				CLANG_ENABLE_MODULES = YES;
				CLANG_ENABLE_OBJC_ARC = YES;
				CLANG_ENABLE_OBJC_WEAK = YES;
				CLANG_WARN_BLOCK_CAPTURE_AUTORELEASING = YES;
				CLANG_WARN_BOOL_CONVERSION = YES;
				CLANG_WARN_COMMA = YES;
				CLANG_WARN_CONSTANT_CONVERSION = YES;
				CLANG_WARN_DEPRECATED_OBJC_IMPLEMENTATIONS = YES;
				CLANG_WARN_DIRECT_OBJC_ISA_USAGE = YES_ERROR;
				CLANG_WARN_DOCUMENTATION_COMMENTS = YES;
				CLANG_WARN_EMPTY_BODY = YES;
				CLANG_WARN_ENUM_CONVERSION = YES;
				CLANG_WARN_INFINITE_RECURSION = YES;
				CLANG_WARN_INT_CONVERSION = YES;
				CLANG_WARN_NON_LITERAL_NULL_CONVERSION = YES;
				CLANG_WARN_OBJC_IMPLICIT_RETAIN_SELF = YES;
				CLANG_WARN_OBJC_LITERAL_CONVERSION = YES;
				CLANG_WARN_OBJC_ROOT_CLASS = YES_ERROR;
				CLANG_WARN_QUOTED_INCLUDE_IN_FRAMEWORK_HEADER = YES;
				CLANG_WARN_RANGE_LOOP_ANALYSIS = YES;
				CLANG_WARN_STRICT_PROTOTYPES = YES;
				CLANG_WARN_SUSPICIOUS_MOVE = YES;
				CLANG_WARN_UNGUARDED_AVAILABILITY = YES_AGGRESSIVE;
				CLANG_WARN_UNREACHABLE_CODE = YES;
				CLANG_WARN__DUPLICATE_METHOD_MATCH = YES;
				COPY_PHASE_STRIP = NO;
				DEBUG_INFORMATION_FORMAT = dwarf;
				ENABLE_STRICT_OBJC_MSGSEND = YES;
				ENABLE_TESTABILITY = YES;
				GCC_C_LANGUAGE_STANDARD = gnu11;
				GCC_DYNAMIC_NO_PIC = NO;
				GCC_NO_COMMON_BLOCKS = YES;
				GCC_OPTIMIZATION_LEVEL = 0;
				GCC_PREPROCESSOR_DEFINITIONS = (
					"DEBUG=1",
					"$(inherited)",
				);
				GCC_WARN_64_TO_32_BIT_CONVERSION = YES;
				GCC_WARN_ABOUT_RETURN_TYPE = YES_ERROR;
				GCC_WARN_UNDECLARED_SELECTOR = YES;
				GCC_WARN_UNINITIALIZED_AUTOS = YES_AGGRESSIVE;
				GCC_WARN_UNUSED_FUNCTION = YES;
				GCC_WARN_UNUSED_VARIABLE = YES;
				MTL_ENABLE_DEBUG_INFO = INCLUDE_SOURCE;
				MTL_FAST_MATH = YES;
				ONLY_ACTIVE_ARCH = YES;
				SWIFT_ACTIVE_COMPILATION_CONDITIONS = DEBUG;
				SWIFT_OPTIMIZATION_LEVEL = "-Onone";
			};
			name = Debug;
		};
		18BC997529B48DD400AFA80A /* Release */ = {
			isa = XCBuildConfiguration;
			buildSettings = {
				ALWAYS_SEARCH_USER_PATHS = NO;
				CLANG_ANALYZER_NONNULL = YES;
				CLANG_ANALYZER_NUMBER_OBJECT_CONVERSION = YES_AGGRESSIVE;
				CLANG_CXX_LANGUAGE_STANDARD = "gnu++20";
				CLANG_ENABLE_MODULES = YES;
				CLANG_ENABLE_OBJC_ARC = YES;
				CLANG_ENABLE_OBJC_WEAK = YES;
				CLANG_WARN_BLOCK_CAPTURE_AUTORELEASING = YES;
				CLANG_WARN_BOOL_CONVERSION = YES;
				CLANG_WARN_COMMA = YES;
				CLANG_WARN_CONSTANT_CONVERSION = YES;
				CLANG_WARN_DEPRECATED_OBJC_IMPLEMENTATIONS = YES;
				CLANG_WARN_DIRECT_OBJC_ISA_USAGE = YES_ERROR;
				CLANG_WARN_DOCUMENTATION_COMMENTS = YES;
				CLANG_WARN_EMPTY_BODY = YES;
				CLANG_WARN_ENUM_CONVERSION = YES;
				CLANG_WARN_INFINITE_RECURSION = YES;
				CLANG_WARN_INT_CONVERSION = YES;
				CLANG_WARN_NON_LITERAL_NULL_CONVERSION = YES;
				CLANG_WARN_OBJC_IMPLICIT_RETAIN_SELF = YES;
				CLANG_WARN_OBJC_LITERAL_CONVERSION = YES;
				CLANG_WARN_OBJC_ROOT_CLASS = YES_ERROR;
				CLANG_WARN_QUOTED_INCLUDE_IN_FRAMEWORK_HEADER = YES;
				CLANG_WARN_RANGE_LOOP_ANALYSIS = YES;
				CLANG_WARN_STRICT_PROTOTYPES = YES;
				CLANG_WARN_SUSPICIOUS_MOVE = YES;
				CLANG_WARN_UNGUARDED_AVAILABILITY = YES_AGGRESSIVE;
				CLANG_WARN_UNREACHABLE_CODE = YES;
				CLANG_WARN__DUPLICATE_METHOD_MATCH = YES;
				COPY_PHASE_STRIP = NO;
				DEBUG_INFORMATION_FORMAT = "dwarf-with-dsym";
				ENABLE_NS_ASSERTIONS = NO;
				ENABLE_STRICT_OBJC_MSGSEND = YES;
				GCC_C_LANGUAGE_STANDARD = gnu11;
				GCC_NO_COMMON_BLOCKS = YES;
				GCC_WARN_64_TO_32_BIT_CONVERSION = YES;
				GCC_WARN_ABOUT_RETURN_TYPE = YES_ERROR;
				GCC_WARN_UNDECLARED_SELECTOR = YES;
				GCC_WARN_UNINITIALIZED_AUTOS = YES_AGGRESSIVE;
				GCC_WARN_UNUSED_FUNCTION = YES;
				GCC_WARN_UNUSED_VARIABLE = YES;
				MTL_ENABLE_DEBUG_INFO = NO;
				MTL_FAST_MATH = YES;
				SWIFT_COMPILATION_MODE = wholemodule;
				SWIFT_OPTIMIZATION_LEVEL = "-O";
			};
			name = Release;
		};
		18BC997729B48DD400AFA80A /* Debug */ = {
			isa = XCBuildConfiguration;
			buildSettings = {
				ASSETCATALOG_COMPILER_APPICON_NAME = AppIcon;
				ASSETCATALOG_COMPILER_GLOBAL_ACCENT_COLOR_NAME = AccentColor;
				CODE_SIGN_ENTITLEMENTS = Hafefly/Hafefly.entitlements;
				CODE_SIGN_STYLE = Automatic;
				CURRENT_PROJECT_VERSION = 1;
				DEVELOPMENT_ASSET_PATHS = "\"Hafefly/Preview Content\"";
				DEVELOPMENT_TEAM = QH3T53K3KZ;
				ENABLE_HARDENED_RUNTIME = YES;
				ENABLE_PREVIEWS = YES;
				GENERATE_INFOPLIST_FILE = YES;
				INFOPLIST_FILE = Hafefly/Info.plist;
				"INFOPLIST_KEY_UIApplicationSceneManifest_Generation[sdk=iphoneos*]" = YES;
				"INFOPLIST_KEY_UIApplicationSceneManifest_Generation[sdk=iphonesimulator*]" = YES;
				"INFOPLIST_KEY_UIApplicationSupportsIndirectInputEvents[sdk=iphoneos*]" = YES;
				"INFOPLIST_KEY_UIApplicationSupportsIndirectInputEvents[sdk=iphonesimulator*]" = YES;
				"INFOPLIST_KEY_UILaunchScreen_Generation[sdk=iphoneos*]" = YES;
				"INFOPLIST_KEY_UILaunchScreen_Generation[sdk=iphonesimulator*]" = YES;
				"INFOPLIST_KEY_UIStatusBarStyle[sdk=iphoneos*]" = UIStatusBarStyleDefault;
				"INFOPLIST_KEY_UIStatusBarStyle[sdk=iphonesimulator*]" = UIStatusBarStyleDefault;
				INFOPLIST_KEY_UISupportedInterfaceOrientations = UIInterfaceOrientationPortrait;
				INFOPLIST_KEY_UISupportedInterfaceOrientations_iPad = "UIInterfaceOrientationLandscapeLeft UIInterfaceOrientationLandscapeRight UIInterfaceOrientationPortrait UIInterfaceOrientationPortraitUpsideDown";
				IPHONEOS_DEPLOYMENT_TARGET = 14.0;
				LD_RUNPATH_SEARCH_PATHS = "@executable_path/Frameworks";
				"LD_RUNPATH_SEARCH_PATHS[sdk=macosx*]" = "@executable_path/../Frameworks";
				MACOSX_DEPLOYMENT_TARGET = 13.0;
				MARKETING_VERSION = 1.0;
				PRODUCT_BUNDLE_IDENTIFIER = com.raynmore.Hafefly;
				PRODUCT_NAME = "$(TARGET_NAME)";
				SDKROOT = auto;
				SUPPORTED_PLATFORMS = "iphoneos iphonesimulator macosx";
				SWIFT_EMIT_LOC_STRINGS = YES;
				SWIFT_VERSION = 5.0;
				TARGETED_DEVICE_FAMILY = "1,2";
			};
			name = Debug;
		};
		18BC997829B48DD400AFA80A /* Release */ = {
			isa = XCBuildConfiguration;
			buildSettings = {
				ASSETCATALOG_COMPILER_APPICON_NAME = AppIcon;
				ASSETCATALOG_COMPILER_GLOBAL_ACCENT_COLOR_NAME = AccentColor;
				CODE_SIGN_ENTITLEMENTS = Hafefly/Hafefly.entitlements;
				CODE_SIGN_STYLE = Automatic;
				CURRENT_PROJECT_VERSION = 1;
				DEVELOPMENT_ASSET_PATHS = "\"Hafefly/Preview Content\"";
				DEVELOPMENT_TEAM = QH3T53K3KZ;
				ENABLE_HARDENED_RUNTIME = YES;
				ENABLE_PREVIEWS = YES;
				GENERATE_INFOPLIST_FILE = YES;
				INFOPLIST_FILE = Hafefly/Info.plist;
				"INFOPLIST_KEY_UIApplicationSceneManifest_Generation[sdk=iphoneos*]" = YES;
				"INFOPLIST_KEY_UIApplicationSceneManifest_Generation[sdk=iphonesimulator*]" = YES;
				"INFOPLIST_KEY_UIApplicationSupportsIndirectInputEvents[sdk=iphoneos*]" = YES;
				"INFOPLIST_KEY_UIApplicationSupportsIndirectInputEvents[sdk=iphonesimulator*]" = YES;
				"INFOPLIST_KEY_UILaunchScreen_Generation[sdk=iphoneos*]" = YES;
				"INFOPLIST_KEY_UILaunchScreen_Generation[sdk=iphonesimulator*]" = YES;
				"INFOPLIST_KEY_UIStatusBarStyle[sdk=iphoneos*]" = UIStatusBarStyleDefault;
				"INFOPLIST_KEY_UIStatusBarStyle[sdk=iphonesimulator*]" = UIStatusBarStyleDefault;
				INFOPLIST_KEY_UISupportedInterfaceOrientations = UIInterfaceOrientationPortrait;
				INFOPLIST_KEY_UISupportedInterfaceOrientations_iPad = "UIInterfaceOrientationLandscapeLeft UIInterfaceOrientationLandscapeRight UIInterfaceOrientationPortrait UIInterfaceOrientationPortraitUpsideDown";
				IPHONEOS_DEPLOYMENT_TARGET = 14.0;
				LD_RUNPATH_SEARCH_PATHS = "@executable_path/Frameworks";
				"LD_RUNPATH_SEARCH_PATHS[sdk=macosx*]" = "@executable_path/../Frameworks";
				MACOSX_DEPLOYMENT_TARGET = 13.0;
				MARKETING_VERSION = 1.0;
				PRODUCT_BUNDLE_IDENTIFIER = com.raynmore.Hafefly;
				PRODUCT_NAME = "$(TARGET_NAME)";
				SDKROOT = auto;
				SUPPORTED_PLATFORMS = "iphoneos iphonesimulator macosx";
				SWIFT_EMIT_LOC_STRINGS = YES;
				SWIFT_VERSION = 5.0;
				TARGETED_DEVICE_FAMILY = "1,2";
			};
			name = Release;
		};
/* End XCBuildConfiguration section */

/* Begin XCConfigurationList section */
		18BC996229B48DD200AFA80A /* Build configuration list for PBXProject "Hafefly" */ = {
			isa = XCConfigurationList;
			buildConfigurations = (
				18BC997429B48DD400AFA80A /* Debug */,
				18BC997529B48DD400AFA80A /* Release */,
			);
			defaultConfigurationIsVisible = 0;
			defaultConfigurationName = Release;
		};
		18BC997629B48DD400AFA80A /* Build configuration list for PBXNativeTarget "Hafefly" */ = {
			isa = XCConfigurationList;
			buildConfigurations = (
				18BC997729B48DD400AFA80A /* Debug */,
				18BC997829B48DD400AFA80A /* Release */,
			);
			defaultConfigurationIsVisible = 0;
			defaultConfigurationName = Release;
		};
/* End XCConfigurationList section */
	};
	rootObject = 18BC995F29B48DD200AFA80A /* Project object */;
}
